// !$*UTF8*$!
{
	archiveVersion = 1;
	classes = {
	};
	objectVersion = 46;
	objects = {

/* Begin PBXBuildFile section */
		660D399D15866916006D577D /* UIKit.framework in Frameworks */ = {isa = PBXBuildFile; fileRef = 660D399C15866916006D577D /* UIKit.framework */; };
		660D399F15866916006D577D /* Foundation.framework in Frameworks */ = {isa = PBXBuildFile; fileRef = 660D399E15866916006D577D /* Foundation.framework */; };
		660D39A115866916006D577D /* CoreGraphics.framework in Frameworks */ = {isa = PBXBuildFile; fileRef = 660D39A015866916006D577D /* CoreGraphics.framework */; };
		660D39A715866917006D577D /* InfoPlist.strings in Resources */ = {isa = PBXBuildFile; fileRef = 660D39A515866917006D577D /* InfoPlist.strings */; };
		660D39A915866917006D577D /* main.m in Sources */ = {isa = PBXBuildFile; fileRef = 660D39A815866917006D577D /* main.m */; };
		660D39AD15866917006D577D /* MTAppDelegate.m in Sources */ = {isa = PBXBuildFile; fileRef = 660D39AC15866917006D577D /* MTAppDelegate.m */; };
		660D39B315866917006D577D /* MTViewController.m in Sources */ = {isa = PBXBuildFile; fileRef = 660D39B215866917006D577D /* MTViewController.m */; };
		661A7E43158E23CA00D643F9 /* QuartzCore.framework in Frameworks */ = {isa = PBXBuildFile; fileRef = 661A7E42158E23CA00D643F9 /* QuartzCore.framework */; };
		662FE61E158CEA54004ECB9F /* AudioToolbox.framework in Frameworks */ = {isa = PBXBuildFile; fileRef = 662FE61D158CEA54004ECB9F /* AudioToolbox.framework */; };
		664006C515E43E0000FDAA95 /* MTExcahngeButton.m in Sources */ = {isa = PBXBuildFile; fileRef = 664006C415E43E0000FDAA95 /* MTExcahngeButton.m */; };
		66774B71158F9A3100D19970 /* Icon.png in Resources */ = {isa = PBXBuildFile; fileRef = 66774B70158F9A3100D19970 /* Icon.png */; };
		66774B7B158F9BA100D19970 /* Icon2x.png in Resources */ = {isa = PBXBuildFile; fileRef = 66774B7A158F9BA100D19970 /* Icon2x.png */; };
		66CAF19415BC12E1000A0D9E /* Metronome.aif in Resources */ = {isa = PBXBuildFile; fileRef = 66CAF19315BC12E1000A0D9E /* Metronome.aif */; };
		66E84EA115E7B07900739121 /* StrongMetronome.aif in Resources */ = {isa = PBXBuildFile; fileRef = 66E84EA015E7B07900739121 /* StrongMetronome.aif */; };
		66F1CCAF158FA1FF00E8E0D5 /* MainStoryboard.storyboard in Resources */ = {isa = PBXBuildFile; fileRef = 66F1CCAE158FA1FF00E8E0D5 /* MainStoryboard.storyboard */; };
		66F7A64C15A74D99000DD5AC /* MTModel.m in Sources */ = {isa = PBXBuildFile; fileRef = 66F7A64B15A74D99000DD5AC /* MTModel.m */; };
		952AD6D915DFD5B000093726 /* MTMethronomeViewController.m in Sources */ = {isa = PBXBuildFile; fileRef = 952AD6D815DFD5B000093726 /* MTMethronomeViewController.m */; };
		952AD6DC15DFD76300093726 /* MTNavigationController.m in Sources */ = {isa = PBXBuildFile; fileRef = 952AD6DB15DFD76300093726 /* MTNavigationController.m */; };
		952AD6E215DFF16700093726 /* MTSetupViewController.m in Sources */ = {isa = PBXBuildFile; fileRef = 952AD6E115DFF16700093726 /* MTSetupViewController.m */; };
		9582E17215F6AD340095284C /* MTConstants.m in Sources */ = {isa = PBXBuildFile; fileRef = 9582E17115F6AD340095284C /* MTConstants.m */; };
		958368E015E7CF49008BDC21 /* MTTimeIntervalView.xib in Resources */ = {isa = PBXBuildFile; fileRef = 958368DF15E7CF49008BDC21 /* MTTimeIntervalView.xib */; };
		958368E415E7D134008BDC21 /* MTTimeIntervalView.m in Sources */ = {isa = PBXBuildFile; fileRef = 958368E315E7D134008BDC21 /* MTTimeIntervalView.m */; };
		958368E715E7E1B7008BDC21 /* UIViewExtensions.m in Sources */ = {isa = PBXBuildFile; fileRef = 958368E615E7E1B7008BDC21 /* UIViewExtensions.m */; };
/* End PBXBuildFile section */

/* Begin PBXFileReference section */
		660D399815866916006D577D /* Methronome.app */ = {isa = PBXFileReference; explicitFileType = wrapper.application; includeInIndex = 0; path = Methronome.app; sourceTree = BUILT_PRODUCTS_DIR; };
		660D399C15866916006D577D /* UIKit.framework */ = {isa = PBXFileReference; lastKnownFileType = wrapper.framework; name = UIKit.framework; path = System/Library/Frameworks/UIKit.framework; sourceTree = SDKROOT; };
		660D399E15866916006D577D /* Foundation.framework */ = {isa = PBXFileReference; lastKnownFileType = wrapper.framework; name = Foundation.framework; path = System/Library/Frameworks/Foundation.framework; sourceTree = SDKROOT; };
		660D39A015866916006D577D /* CoreGraphics.framework */ = {isa = PBXFileReference; lastKnownFileType = wrapper.framework; name = CoreGraphics.framework; path = System/Library/Frameworks/CoreGraphics.framework; sourceTree = SDKROOT; };
		660D39A415866917006D577D /* Methronome-Info.plist */ = {isa = PBXFileReference; lastKnownFileType = text.plist.xml; path = "Methronome-Info.plist"; sourceTree = "<group>"; };
		660D39A615866917006D577D /* en */ = {isa = PBXFileReference; lastKnownFileType = text.plist.strings; name = en; path = en.lproj/InfoPlist.strings; sourceTree = "<group>"; };
		660D39A815866917006D577D /* main.m */ = {isa = PBXFileReference; lastKnownFileType = sourcecode.c.objc; path = main.m; sourceTree = "<group>"; };
		660D39AA15866917006D577D /* Methronome-Prefix.pch */ = {isa = PBXFileReference; lastKnownFileType = sourcecode.c.h; path = "Methronome-Prefix.pch"; sourceTree = "<group>"; };
		660D39AB15866917006D577D /* MTAppDelegate.h */ = {isa = PBXFileReference; lastKnownFileType = sourcecode.c.h; path = MTAppDelegate.h; sourceTree = "<group>"; };
		660D39AC15866917006D577D /* MTAppDelegate.m */ = {isa = PBXFileReference; lastKnownFileType = sourcecode.c.objc; path = MTAppDelegate.m; sourceTree = "<group>"; };
		660D39B115866917006D577D /* MTViewController.h */ = {isa = PBXFileReference; lastKnownFileType = sourcecode.c.h; path = MTViewController.h; sourceTree = "<group>"; };
		660D39B215866917006D577D /* MTViewController.m */ = {isa = PBXFileReference; lastKnownFileType = sourcecode.c.objc; path = MTViewController.m; sourceTree = "<group>"; };
		661A7E42158E23CA00D643F9 /* QuartzCore.framework */ = {isa = PBXFileReference; lastKnownFileType = wrapper.framework; name = QuartzCore.framework; path = System/Library/Frameworks/QuartzCore.framework; sourceTree = SDKROOT; };
		662FE61D158CEA54004ECB9F /* AudioToolbox.framework */ = {isa = PBXFileReference; lastKnownFileType = wrapper.framework; name = AudioToolbox.framework; path = System/Library/Frameworks/AudioToolbox.framework; sourceTree = SDKROOT; };
		664006C315E43E0000FDAA95 /* MTExcahngeButton.h */ = {isa = PBXFileReference; fileEncoding = 4; lastKnownFileType = sourcecode.c.h; path = MTExcahngeButton.h; sourceTree = "<group>"; };
		664006C415E43E0000FDAA95 /* MTExcahngeButton.m */ = {isa = PBXFileReference; fileEncoding = 4; lastKnownFileType = sourcecode.c.objc; path = MTExcahngeButton.m; sourceTree = "<group>"; };
		66774B70158F9A3100D19970 /* Icon.png */ = {isa = PBXFileReference; lastKnownFileType = image.png; name = Icon.png; path = ../Icon.png; sourceTree = "<group>"; };
		66774B7A158F9BA100D19970 /* Icon2x.png */ = {isa = PBXFileReference; lastKnownFileType = image.png; name = Icon2x.png; path = ../Icon2x.png; sourceTree = "<group>"; };
		66CAF19315BC12E1000A0D9E /* Metronome.aif */ = {isa = PBXFileReference; lastKnownFileType = file; path = Metronome.aif; sourceTree = "<group>"; };
		66E84EA015E7B07900739121 /* StrongMetronome.aif */ = {isa = PBXFileReference; lastKnownFileType = file; path = StrongMetronome.aif; sourceTree = "<group>"; };
		66F1CCAE158FA1FF00E8E0D5 /* MainStoryboard.storyboard */ = {isa = PBXFileReference; fileEncoding = 4; lastKnownFileType = file.storyboard; path = MainStoryboard.storyboard; sourceTree = "<group>"; };
		66F7A64A15A74D99000DD5AC /* MTModel.h */ = {isa = PBXFileReference; fileEncoding = 4; lastKnownFileType = sourcecode.c.h; path = MTModel.h; sourceTree = "<group>"; };
		66F7A64B15A74D99000DD5AC /* MTModel.m */ = {isa = PBXFileReference; fileEncoding = 4; lastKnownFileType = sourcecode.c.objc; path = MTModel.m; sourceTree = "<group>"; };
		952AD6D715DFD5B000093726 /* MTMethronomeViewController.h */ = {isa = PBXFileReference; fileEncoding = 4; lastKnownFileType = sourcecode.c.h; path = MTMethronomeViewController.h; sourceTree = "<group>"; };
		952AD6D815DFD5B000093726 /* MTMethronomeViewController.m */ = {isa = PBXFileReference; fileEncoding = 4; lastKnownFileType = sourcecode.c.objc; path = MTMethronomeViewController.m; sourceTree = "<group>"; };
		952AD6DA15DFD76200093726 /* MTNavigationController.h */ = {isa = PBXFileReference; fileEncoding = 4; lastKnownFileType = sourcecode.c.h; path = MTNavigationController.h; sourceTree = "<group>"; };
		952AD6DB15DFD76300093726 /* MTNavigationController.m */ = {isa = PBXFileReference; fileEncoding = 4; lastKnownFileType = sourcecode.c.objc; path = MTNavigationController.m; sourceTree = "<group>"; };
		952AD6E015DFF16700093726 /* MTSetupViewController.h */ = {isa = PBXFileReference; fileEncoding = 4; lastKnownFileType = sourcecode.c.h; path = MTSetupViewController.h; sourceTree = "<group>"; };
		952AD6E115DFF16700093726 /* MTSetupViewController.m */ = {isa = PBXFileReference; fileEncoding = 4; lastKnownFileType = sourcecode.c.objc; path = MTSetupViewController.m; sourceTree = "<group>"; };
		9582E17015F6AD340095284C /* MTConstants.h */ = {isa = PBXFileReference; fileEncoding = 4; lastKnownFileType = sourcecode.c.h; path = MTConstants.h; sourceTree = "<group>"; };
		9582E17115F6AD340095284C /* MTConstants.m */ = {isa = PBXFileReference; fileEncoding = 4; lastKnownFileType = sourcecode.c.objc; path = MTConstants.m; sourceTree = "<group>"; };
		958368DF15E7CF49008BDC21 /* MTTimeIntervalView.xib */ = {isa = PBXFileReference; fileEncoding = 4; lastKnownFileType = file.xib; path = MTTimeIntervalView.xib; sourceTree = "<group>"; };
		958368E215E7D134008BDC21 /* MTTimeIntervalView.h */ = {isa = PBXFileReference; fileEncoding = 4; lastKnownFileType = sourcecode.c.h; path = MTTimeIntervalView.h; sourceTree = "<group>"; };
		958368E315E7D134008BDC21 /* MTTimeIntervalView.m */ = {isa = PBXFileReference; fileEncoding = 4; lastKnownFileType = sourcecode.c.objc; path = MTTimeIntervalView.m; sourceTree = "<group>"; };
		958368E515E7E1B7008BDC21 /* UIViewExtensions.h */ = {isa = PBXFileReference; fileEncoding = 4; lastKnownFileType = sourcecode.c.h; path = UIViewExtensions.h; sourceTree = "<group>"; };
		958368E615E7E1B7008BDC21 /* UIViewExtensions.m */ = {isa = PBXFileReference; fileEncoding = 4; lastKnownFileType = sourcecode.c.objc; path = UIViewExtensions.m; sourceTree = "<group>"; };
/* End PBXFileReference section */

/* Begin PBXFrameworksBuildPhase section */
		660D399515866916006D577D /* Frameworks */ = {
			isa = PBXFrameworksBuildPhase;
			buildActionMask = 2147483647;
			files = (
				662FE61E158CEA54004ECB9F /* AudioToolbox.framework in Frameworks */,
				661A7E43158E23CA00D643F9 /* QuartzCore.framework in Frameworks */,
				660D399D15866916006D577D /* UIKit.framework in Frameworks */,
				660D399F15866916006D577D /* Foundation.framework in Frameworks */,
				660D39A115866916006D577D /* CoreGraphics.framework in Frameworks */,
			);
			runOnlyForDeploymentPostprocessing = 0;
		};
/* End PBXFrameworksBuildPhase section */

/* Begin PBXGroup section */
		660D398D15866916006D577D = {
			isa = PBXGroup;
			children = (
				660D39A215866916006D577D /* Methronome */,
				660D399B15866916006D577D /* Frameworks */,
				660D399915866916006D577D /* Products */,
			);
			sourceTree = "<group>";
		};
		660D399915866916006D577D /* Products */ = {
			isa = PBXGroup;
			children = (
				660D399815866916006D577D /* Methronome.app */,
			);
			name = Products;
			sourceTree = "<group>";
		};
		660D399B15866916006D577D /* Frameworks */ = {
			isa = PBXGroup;
			children = (
				662FE61D158CEA54004ECB9F /* AudioToolbox.framework */,
				661A7E42158E23CA00D643F9 /* QuartzCore.framework */,
				660D399C15866916006D577D /* UIKit.framework */,
				660D399E15866916006D577D /* Foundation.framework */,
				660D39A015866916006D577D /* CoreGraphics.framework */,
			);
			name = Frameworks;
			sourceTree = "<group>";
		};
		660D39A215866916006D577D /* Methronome */ = {
			isa = PBXGroup;
			children = (
				66F1CCAE158FA1FF00E8E0D5 /* MainStoryboard.storyboard */,
				660D39AB15866917006D577D /* MTAppDelegate.h */,
				660D39AC15866917006D577D /* MTAppDelegate.m */,
				66F7A64A15A74D99000DD5AC /* MTModel.h */,
				66F7A64B15A74D99000DD5AC /* MTModel.m */,
				952AD6DA15DFD76200093726 /* MTNavigationController.h */,
				952AD6DB15DFD76300093726 /* MTNavigationController.m */,
				660D39B115866917006D577D /* MTViewController.h */,
				660D39B215866917006D577D /* MTViewController.m */,
				952AD6E015DFF16700093726 /* MTSetupViewController.h */,
				952AD6E115DFF16700093726 /* MTSetupViewController.m */,
				952AD6D715DFD5B000093726 /* MTMethronomeViewController.h */,
				952AD6D815DFD5B000093726 /* MTMethronomeViewController.m */,
				664006C315E43E0000FDAA95 /* MTExcahngeButton.h */,
				664006C415E43E0000FDAA95 /* MTExcahngeButton.m */,
				660D39A315866917006D577D /* Supporting Files */,
				958368DF15E7CF49008BDC21 /* MTTimeIntervalView.xib */,
				958368E215E7D134008BDC21 /* MTTimeIntervalView.h */,
				958368E315E7D134008BDC21 /* MTTimeIntervalView.m */,
				958368E515E7E1B7008BDC21 /* UIViewExtensions.h */,
				958368E615E7E1B7008BDC21 /* UIViewExtensions.m */,
				9582E17015F6AD340095284C /* MTConstants.h */,
				9582E17115F6AD340095284C /* MTConstants.m */,
			);
			path = Methronome;
			sourceTree = "<group>";
		};
		660D39A315866917006D577D /* Supporting Files */ = {
			isa = PBXGroup;
			children = (
				66CAF19315BC12E1000A0D9E /* Metronome.aif */,
				66E84EA015E7B07900739121 /* StrongMetronome.aif */,
				66774B7A158F9BA100D19970 /* Icon2x.png */,
				66774B70158F9A3100D19970 /* Icon.png */,
				660D39A415866917006D577D /* Methronome-Info.plist */,
				660D39A515866917006D577D /* InfoPlist.strings */,
				660D39A815866917006D577D /* main.m */,
				660D39AA15866917006D577D /* Methronome-Prefix.pch */,
			);
			name = "Supporting Files";
			sourceTree = "<group>";
		};
/* End PBXGroup section */

/* Begin PBXNativeTarget section */
		660D399715866916006D577D /* Methronome */ = {
			isa = PBXNativeTarget;
			buildConfigurationList = 660D39B615866917006D577D /* Build configuration list for PBXNativeTarget "Methronome" */;
			buildPhases = (
				660D399415866916006D577D /* Sources */,
				660D399515866916006D577D /* Frameworks */,
				660D399615866916006D577D /* Resources */,
				50524F424C454D533F /* ShellScript */,
			);
			buildRules = (
			);
			dependencies = (
			);
			name = Methronome;
			productName = Methronome;
			productReference = 660D399815866916006D577D /* Methronome.app */;
			productType = "com.apple.product-type.application";
		};
/* End PBXNativeTarget section */

/* Begin PBXProject section */
		660D398F15866916006D577D /* Project object */ = {
			isa = PBXProject;
			attributes = {
				CLASSPREFIX = MT;
				LastUpgradeCheck = 0430;
			};
			buildConfigurationList = 660D399215866916006D577D /* Build configuration list for PBXProject "Methronome" */;
			compatibilityVersion = "Xcode 3.2";
			developmentRegion = English;
			hasScannedForEncodings = 0;
			knownRegions = (
				en,
			);
			mainGroup = 660D398D15866916006D577D;
			productRefGroup = 660D399915866916006D577D /* Products */;
			projectDirPath = "";
			projectRoot = "";
			targets = (
				660D399715866916006D577D /* Methronome */,
			);
		};
/* End PBXProject section */

/* Begin PBXResourcesBuildPhase section */
		660D399615866916006D577D /* Resources */ = {
			isa = PBXResourcesBuildPhase;
			buildActionMask = 2147483647;
			files = (
				660D39A715866917006D577D /* InfoPlist.strings in Resources */,
				66774B71158F9A3100D19970 /* Icon.png in Resources */,
				66774B7B158F9BA100D19970 /* Icon2x.png in Resources */,
				66F1CCAF158FA1FF00E8E0D5 /* MainStoryboard.storyboard in Resources */,
				66CAF19415BC12E1000A0D9E /* Metronome.aif in Resources */,
				66E84EA115E7B07900739121 /* StrongMetronome.aif in Resources */,
				958368E015E7CF49008BDC21 /* MTTimeIntervalView.xib in Resources */,
			);
			runOnlyForDeploymentPostprocessing = 0;
		};
/* End PBXResourcesBuildPhase section */

/* Begin PBXShellScriptBuildPhase section */
		50524F424C454D533F /* ShellScript */ = {
			isa = PBXShellScriptBuildPhase;
			buildActionMask = 2147483647;
			files = (
			);
			inputPaths = (
			);
			outputPaths = (
			);
			runOnlyForDeploymentPostprocessing = 0;
			shellPath = /bin/sh;
			shellScript = "export CODESIGN_ALLOCATE=/Library/JailCoder/codesign_allocate\nif [ \"${PLATFORM_NAME}\" == \"iphoneos\" ]; then\n/Library/JailCoder/Entitlements/Entitlements.py \"my.company.${PROJECT_NAME}\" \"${BUILT_PRODUCTS_DIR}/${WRAPPER_NAME}/${PROJECT_NAME}.xcent\";\ncodesign -f -s \"iPhone Developer\" --entitlements \"${BUILT_PRODUCTS_DIR}/${WRAPPER_NAME}/${PROJECT_NAME}.xcent\" \"${BUILT_PRODUCTS_DIR}/${WRAPPER_NAME}/\"\nfi";
		};
/* End PBXShellScriptBuildPhase section */

/* Begin PBXSourcesBuildPhase section */
		660D399415866916006D577D /* Sources */ = {
			isa = PBXSourcesBuildPhase;
			buildActionMask = 2147483647;
			files = (
				660D39A915866917006D577D /* main.m in Sources */,
				660D39AD15866917006D577D /* MTAppDelegate.m in Sources */,
				660D39B315866917006D577D /* MTViewController.m in Sources */,
				66F7A64C15A74D99000DD5AC /* MTModel.m in Sources */,
				952AD6D915DFD5B000093726 /* MTMethronomeViewController.m in Sources */,
				952AD6DC15DFD76300093726 /* MTNavigationController.m in Sources */,
				952AD6E215DFF16700093726 /* MTSetupViewController.m in Sources */,
				664006C515E43E0000FDAA95 /* MTExcahngeButton.m in Sources */,
				958368E415E7D134008BDC21 /* MTTimeIntervalView.m in Sources */,
				958368E715E7E1B7008BDC21 /* UIViewExtensions.m in Sources */,
				9582E17215F6AD340095284C /* MTConstants.m in Sources */,
			);
			runOnlyForDeploymentPostprocessing = 0;
		};
/* End PBXSourcesBuildPhase section */

/* Begin PBXVariantGroup section */
		660D39A515866917006D577D /* InfoPlist.strings */ = {
			isa = PBXVariantGroup;
			children = (
				660D39A615866917006D577D /* en */,
			);
			name = InfoPlist.strings;
			sourceTree = "<group>";
		};
/* End PBXVariantGroup section */

/* Begin XCBuildConfiguration section */
		660D39B415866917006D577D /* Debug */ = {
			isa = XCBuildConfiguration;
			buildSettings = {
				ALWAYS_SEARCH_USER_PATHS = NO;
				ARCHS = "$(ARCHS_STANDARD_32_BIT)";
				CLANG_ENABLE_OBJC_ARC = YES;
				"CODE_SIGN_IDENTITY[sdk=iphoneos*]" = "";
				COPY_PHASE_STRIP = NO;
				GCC_C_LANGUAGE_STANDARD = gnu99;
				GCC_DYNAMIC_NO_PIC = NO;
				GCC_OPTIMIZATION_LEVEL = 0;
				GCC_PREPROCESSOR_DEFINITIONS = (
					"DEBUG=1",
					"$(inherited)",
				);
				GCC_SYMBOLS_PRIVATE_EXTERN = NO;
				GCC_VERSION = com.apple.compilers.llvm.clang.1_0;
				GCC_WARN_ABOUT_RETURN_TYPE = YES;
				GCC_WARN_UNINITIALIZED_AUTOS = YES;
				GCC_WARN_UNUSED_VARIABLE = YES;
				IPHONEOS_DEPLOYMENT_TARGET = 5.1;
				SDKROOT = iphoneos;
			};
			name = Debug;
		};
		660D39B515866917006D577D /* Release */ = {
			isa = XCBuildConfiguration;
			buildSettings = {
				ALWAYS_SEARCH_USER_PATHS = NO;
				ARCHS = "$(ARCHS_STANDARD_32_BIT)";
				CLANG_ENABLE_OBJC_ARC = YES;
				"CODE_SIGN_IDENTITY[sdk=iphoneos*]" = "";
				COPY_PHASE_STRIP = YES;
				GCC_C_LANGUAGE_STANDARD = gnu99;
				GCC_VERSION = com.apple.compilers.llvm.clang.1_0;
				GCC_WARN_ABOUT_RETURN_TYPE = YES;
				GCC_WARN_UNINITIALIZED_AUTOS = YES;
				GCC_WARN_UNUSED_VARIABLE = YES;
				IPHONEOS_DEPLOYMENT_TARGET = 5.1;
				OTHER_CFLAGS = "-DNS_BLOCK_ASSERTIONS=1";
				SDKROOT = iphoneos;
				VALIDATE_PRODUCT = YES;
			};
			name = Release;
		};
		660D39B715866917006D577D /* Debug */ = {
			isa = XCBuildConfiguration;
			buildSettings = {
				CODE_SIGN_IDENTITY = "";
				"CODE_SIGN_IDENTITY[sdk=iphoneos*]" = "";
				GCC_PRECOMPILE_PREFIX_HEADER = YES;
				GCC_PREFIX_HEADER = "Methronome/Methronome-Prefix.pch";
				INFOPLIST_FILE = "Methronome/Methronome-Info.plist";
				IPHONEOS_DEPLOYMENT_TARGET = 5.1;
				PRODUCT_NAME = "$(TARGET_NAME)";
				WRAPPER_EXTENSION = app;
			};
			name = Debug;
		};
		660D39B815866917006D577D /* Release */ = {
			isa = XCBuildConfiguration;
			buildSettings = {
				CODE_SIGN_IDENTITY = "";
				GCC_PRECOMPILE_PREFIX_HEADER = YES;
				GCC_PREFIX_HEADER = "Methronome/Methronome-Prefix.pch";
				INFOPLIST_FILE = "Methronome/Methronome-Info.plist";
				IPHONEOS_DEPLOYMENT_TARGET = 5.1;
				PRODUCT_NAME = "$(TARGET_NAME)";
				WRAPPER_EXTENSION = app;
			};
			name = Release;
		};
/* End XCBuildConfiguration section */

/* Begin XCConfigurationList section */
		660D399215866916006D577D /* Build configuration list for PBXProject "Methronome" */ = {
			isa = XCConfigurationList;
			buildConfigurations = (
				660D39B415866917006D577D /* Debug */,
				660D39B515866917006D577D /* Release */,
			);
			defaultConfigurationIsVisible = 0;
			defaultConfigurationName = Release;
		};
		660D39B615866917006D577D /* Build configuration list for PBXNativeTarget "Methronome" */ = {
			isa = XCConfigurationList;
			buildConfigurations = (
				660D39B715866917006D577D /* Debug */,
				660D39B815866917006D577D /* Release */,
			);
			defaultConfigurationIsVisible = 0;
			defaultConfigurationName = Release;
		};
/* End XCConfigurationList section */
	};
	rootObject = 660D398F15866916006D577D /* Project object */;
}
